
Microsoft Visual Studio Solution File, Format Version 12.00
# Visual Studio Version 17
VisualStudioVersion = 17.13.35825.156 d17.13
MinimumVisualStudioVersion = 10.0.40219.1
Project("{54A90642-561A-4BB1-A94E-469ADEE60C69}") = "AngularLearn", "AngularLearn\AngularLearn.esproj", "{231376E1-AD52-58DA-D728-1BA9CA90ECFF}"
EndProject
Global
	GlobalSection(SolutionConfigurationPlatforms) = preSolution
		Debug|Any CPU = Debug|Any CPU
		Release|Any CPU = Release|Any CPU
	EndGlobalSection
	GlobalSection(ProjectConfigurationPlatforms) = postSolution
		{231376E1-AD52-58DA-D728-1BA9CA90ECFF}.Debug|Any CPU.ActiveCfg = Debug|Any CPU
		{231376E1-AD52-58DA-D728-1BA9CA90ECFF}.Debug|Any CPU.Build.0 = Debug|Any CPU
		{231376E1-AD52-58DA-D728-1BA9CA90ECFF}.Debug|Any CPU.Deploy.0 = Debug|Any CPU
		{231376E1-AD52-58DA-D728-1BA9CA90ECFF}.Release|Any CPU.ActiveCfg = Release|Any CPU
		{231376E1-AD52-58DA-D728-1BA9CA90ECFF}.Release|Any CPU.Build.0 = Release|Any CPU
		{231376E1-AD52-58DA-D728-1BA9CA90ECFF}.Release|Any CPU.Deploy.0 = Release|Any CPU
	EndGlobalSection
	GlobalSection(SolutionProperties) = preSolution
		HideSolutionNode = FALSE
	EndGlobalSection
	GlobalSection(ExtensibilityGlobals) = postSolution
		SolutionGuid = {EBBA7447-F2A2-4239-8C0B-F415342C143F}
	EndGlobalSection
EndGlobal
